
Microsoft Visual Studio Solution File, Format Version 12.00
# Visual Studio Version 17
VisualStudioVersion = 17.13.35919.96 d17.13
MinimumVisualStudioVersion = 10.0.40219.1
Project("{FAE04EC0-301F-11D3-BF4B-00C04F79EFBC}") = "Gerenciamento de Filmes de Locadora", "Gerenciamento de Filmes de Locadora.csproj", "{6CDFF38A-2741-433E-9261-890016C9B281}"
EndProject
Global
	GlobalSection(SolutionConfigurationPlatforms) = preSolution
		Debug|Any CPU = Debug|Any CPU
		Release|Any CPU = Release|Any CPU
	EndGlobalSection
	GlobalSection(ProjectConfigurationPlatforms) = postSolution
		{6CDFF38A-2741-433E-9261-890016C9B281}.Debug|Any CPU.ActiveCfg = Debug|Any CPU
		{6CDFF38A-2741-433E-9261-890016C9B281}.Debug|Any CPU.Build.0 = Debug|Any CPU
		{6CDFF38A-2741-433E-9261-890016C9B281}.Release|Any CPU.ActiveCfg = Release|Any CPU
		{6CDFF38A-2741-433E-9261-890016C9B281}.Release|Any CPU.Build.0 = Release|Any CPU
	EndGlobalSection
	GlobalSection(SolutionProperties) = preSolution
		HideSolutionNode = FALSE
	EndGlobalSection
	GlobalSection(ExtensibilityGlobals) = postSolution
		SolutionGuid = {5F811787-F746-48E9-BAA8-C045E67B251F}
	EndGlobalSection
EndGlobal
